// !$*UTF8*$!
{
	archiveVersion = 1;
	classes = {
	};
	objectVersion = 55;
	objects = {

/* Begin PBXBuildFile section */
		9C49C4D527DE69E3009F3080 /* LessonWork3_6App.swift in Sources */ = {isa = PBXBuildFile; fileRef = 9C49C4D427DE69E3009F3080 /* LessonWork3_6App.swift */; };
		9C49C4D727DE69E3009F3080 /* ContentView.swift in Sources */ = {isa = PBXBuildFile; fileRef = 9C49C4D627DE69E3009F3080 /* ContentView.swift */; };
		9C49C4D927DE69E4009F3080 /* Assets.xcassets in Resources */ = {isa = PBXBuildFile; fileRef = 9C49C4D827DE69E4009F3080 /* Assets.xcassets */; };
		9C49C4DC27DE69E4009F3080 /* Preview Assets.xcassets in Resources */ = {isa = PBXBuildFile; fileRef = 9C49C4DB27DE69E4009F3080 /* Preview Assets.xcassets */; };
		9C49C4E327DE6A69009F3080 /* GradientRectangles.swift in Sources */ = {isa = PBXBuildFile; fileRef = 9C49C4E227DE6A69009F3080 /* GradientRectangles.swift */; };
		9C49C4E527DE6D23009F3080 /* AwardsView.swift in Sources */ = {isa = PBXBuildFile; fileRef = 9C49C4E427DE6D23009F3080 /* AwardsView.swift */; };
		9C49C4E727DE6F11009F3080 /* PathView.swift in Sources */ = {isa = PBXBuildFile; fileRef = 9C49C4E627DE6F11009F3080 /* PathView.swift */; };
		9C49C4E927DF44BE009F3080 /* CurvesView.swift in Sources */ = {isa = PBXBuildFile; fileRef = 9C49C4E827DF44BE009F3080 /* CurvesView.swift */; };
		9C49C4EB27DF4CBE009F3080 /* MainView.swift in Sources */ = {isa = PBXBuildFile; fileRef = 9C49C4EA27DF4CBE009F3080 /* MainView.swift */; };
/* End PBXBuildFile section */

/* Begin PBXFileReference section */
		9C49C4D127DE69E3009F3080 /* LessonWork3.6.app */ = {isa = PBXFileReference; explicitFileType = wrapper.application; includeInIndex = 0; path = LessonWork3.6.app; sourceTree = BUILT_PRODUCTS_DIR; };
		9C49C4D427DE69E3009F3080 /* LessonWork3_6App.swift */ = {isa = PBXFileReference; lastKnownFileType = sourcecode.swift; path = LessonWork3_6App.swift; sourceTree = "<group>"; };
		9C49C4D627DE69E3009F3080 /* ContentView.swift */ = {isa = PBXFileReference; lastKnownFileType = sourcecode.swift; path = ContentView.swift; sourceTree = "<group>"; };
		9C49C4D827DE69E4009F3080 /* Assets.xcassets */ = {isa = PBXFileReference; lastKnownFileType = folder.assetcatalog; path = Assets.xcassets; sourceTree = "<group>"; };
		9C49C4DB27DE69E4009F3080 /* Preview Assets.xcassets */ = {isa = PBXFileReference; lastKnownFileType = folder.assetcatalog; path = "Preview Assets.xcassets"; sourceTree = "<group>"; };
		9C49C4E227DE6A69009F3080 /* GradientRectangles.swift */ = {isa = PBXFileReference; lastKnownFileType = sourcecode.swift; path = GradientRectangles.swift; sourceTree = "<group>"; };
		9C49C4E427DE6D23009F3080 /* AwardsView.swift */ = {isa = PBXFileReference; lastKnownFileType = sourcecode.swift; path = AwardsView.swift; sourceTree = "<group>"; };
		9C49C4E627DE6F11009F3080 /* PathView.swift */ = {isa = PBXFileReference; lastKnownFileType = sourcecode.swift; path = PathView.swift; sourceTree = "<group>"; };
		9C49C4E827DF44BE009F3080 /* CurvesView.swift */ = {isa = PBXFileReference; lastKnownFileType = sourcecode.swift; path = CurvesView.swift; sourceTree = "<group>"; };
		9C49C4EA27DF4CBE009F3080 /* MainView.swift */ = {isa = PBXFileReference; lastKnownFileType = sourcecode.swift; path = MainView.swift; sourceTree = "<group>"; };
/* End PBXFileReference section */

/* Begin PBXFrameworksBuildPhase section */
		9C49C4CE27DE69E3009F3080 /* Frameworks */ = {
			isa = PBXFrameworksBuildPhase;
			buildActionMask = 2147483647;
			files = (
			);
			runOnlyForDeploymentPostprocessing = 0;
		};
/* End PBXFrameworksBuildPhase section */

/* Begin PBXGroup section */
		9C49C4C827DE69E2009F3080 = {
			isa = PBXGroup;
			children = (
				9C49C4D327DE69E3009F3080 /* LessonWork3.6 */,
				9C49C4D227DE69E3009F3080 /* Products */,
			);
			sourceTree = "<group>";
		};
		9C49C4D227DE69E3009F3080 /* Products */ = {
			isa = PBXGroup;
			children = (
				9C49C4D127DE69E3009F3080 /* LessonWork3.6.app */,
			);
			name = Products;
			sourceTree = "<group>";
		};
		9C49C4D327DE69E3009F3080 /* LessonWork3.6 */ = {
			isa = PBXGroup;
			children = (
				9C49C4D427DE69E3009F3080 /* LessonWork3_6App.swift */,
				9C49C4D627DE69E3009F3080 /* ContentView.swift */,
				9C49C4E227DE6A69009F3080 /* GradientRectangles.swift */,
				9C49C4E427DE6D23009F3080 /* AwardsView.swift */,
				9C49C4E827DF44BE009F3080 /* CurvesView.swift */,
				9C49C4EA27DF4CBE009F3080 /* MainView.swift */,
				9C49C4E627DE6F11009F3080 /* PathView.swift */,
				9C49C4D827DE69E4009F3080 /* Assets.xcassets */,
				9C49C4DA27DE69E4009F3080 /* Preview Content */,
			);
			path = LessonWork3.6;
			sourceTree = "<group>";
		};
		9C49C4DA27DE69E4009F3080 /* Preview Content */ = {
			isa = PBXGroup;
			children = (
				9C49C4DB27DE69E4009F3080 /* Preview Assets.xcassets */,
			);
			path = "Preview Content";
			sourceTree = "<group>";
		};
/* End PBXGroup section */

/* Begin PBXNativeTarget section */
		9C49C4D027DE69E3009F3080 /* LessonWork3.6 */ = {
			isa = PBXNativeTarget;
			buildConfigurationList = 9C49C4DF27DE69E4009F3080 /* Build configuration list for PBXNativeTarget "LessonWork3.6" */;
			buildPhases = (
				9C49C4CD27DE69E3009F3080 /* Sources */,
				9C49C4CE27DE69E3009F3080 /* Frameworks */,
				9C49C4CF27DE69E3009F3080 /* Resources */,
			);
			buildRules = (
			);
			dependencies = (
			);
			name = LessonWork3.6;
			productName = LessonWork3.6;
			productReference = 9C49C4D127DE69E3009F3080 /* LessonWork3.6.app */;
			productType = "com.apple.product-type.application";
		};
/* End PBXNativeTarget section */

/* Begin PBXProject section */
		9C49C4C927DE69E2009F3080 /* Project object */ = {
			isa = PBXProject;
			attributes = {
				BuildIndependentTargetsInParallel = 1;
				LastSwiftUpdateCheck = 1320;
				LastUpgradeCheck = 1320;
				TargetAttributes = {
					9C49C4D027DE69E3009F3080 = {
						CreatedOnToolsVersion = 13.2.1;
					};
				};
			};
			buildConfigurationList = 9C49C4CC27DE69E2009F3080 /* Build configuration list for PBXProject "LessonWork3.6" */;
			compatibilityVersion = "Xcode 13.0";
			developmentRegion = en;
			hasScannedForEncodings = 0;
			knownRegions = (
				en,
				Base,
			);
			mainGroup = 9C49C4C827DE69E2009F3080;
			productRefGroup = 9C49C4D227DE69E3009F3080 /* Products */;
			projectDirPath = "";
			projectRoot = "";
			targets = (
				9C49C4D027DE69E3009F3080 /* LessonWork3.6 */,
			);
		};
/* End PBXProject section */

/* Begin PBXResourcesBuildPhase section */
		9C49C4CF27DE69E3009F3080 /* Resources */ = {
			isa = PBXResourcesBuildPhase;
			buildActionMask = 2147483647;
			files = (
				9C49C4DC27DE69E4009F3080 /* Preview Assets.xcassets in Resources */,
				9C49C4D927DE69E4009F3080 /* Assets.xcassets in Resources */,
			);
			runOnlyForDeploymentPostprocessing = 0;
		};
/* End PBXResourcesBuildPhase section */

/* Begin PBXSourcesBuildPhase section */
		9C49C4CD27DE69E3009F3080 /* Sources */ = {
			isa = PBXSourcesBuildPhase;
			buildActionMask = 2147483647;
			files = (
				9C49C4E927DF44BE009F3080 /* CurvesView.swift in Sources */,
				9C49C4EB27DF4CBE009F3080 /* MainView.swift in Sources */,
				9C49C4E727DE6F11009F3080 /* PathView.swift in Sources */,
				9C49C4E527DE6D23009F3080 /* AwardsView.swift in Sources */,
				9C49C4D727DE69E3009F3080 /* ContentView.swift in Sources */,
				9C49C4D527DE69E3009F3080 /* LessonWork3_6App.swift in Sources */,
				9C49C4E327DE6A69009F3080 /* GradientRectangles.swift in Sources */,
			);
			runOnlyForDeploymentPostprocessing = 0;
		};
/* End PBXSourcesBuildPhase section */

/* Begin XCBuildConfiguration section */
		9C49C4DD27DE69E4009F3080 /* Debug */ = {
			isa = XCBuildConfiguration;
			buildSettings = {
				ALWAYS_SEARCH_USER_PATHS = NO;
				CLANG_ANALYZER_NONNULL = YES;
				CLANG_ANALYZER_NUMBER_OBJECT_CONVERSION = YES_AGGRESSIVE;
				CLANG_CXX_LANGUAGE_STANDARD = "gnu++17";
				CLANG_CXX_LIBRARY = "libc++";
				CLANG_ENABLE_MODULES = YES;
				CLANG_ENABLE_OBJC_ARC = YES;
				CLANG_ENABLE_OBJC_WEAK = YES;
				CLANG_WARN_BLOCK_CAPTURE_AUTORELEASING = YES;
				CLANG_WARN_BOOL_CONVERSION = YES;
				CLANG_WARN_COMMA = YES;
				CLANG_WARN_CONSTANT_CONVERSION = YES;
				CLANG_WARN_DEPRECATED_OBJC_IMPLEMENTATIONS = YES;
				CLANG_WARN_DIRECT_OBJC_ISA_USAGE = YES_ERROR;
				CLANG_WARN_DOCUMENTATION_COMMENTS = YES;
				CLANG_WARN_EMPTY_BODY = YES;
				CLANG_WARN_ENUM_CONVERSION = YES;
				CLANG_WARN_INFINITE_RECURSION = YES;
				CLANG_WARN_INT_CONVERSION = YES;
				CLANG_WARN_NON_LITERAL_NULL_CONVERSION = YES;
				CLANG_WARN_OBJC_IMPLICIT_RETAIN_SELF = YES;
				CLANG_WARN_OBJC_LITERAL_CONVERSION = YES;
				CLANG_WARN_OBJC_ROOT_CLASS = YES_ERROR;
				CLANG_WARN_QUOTED_INCLUDE_IN_FRAMEWORK_HEADER = YES;
				CLANG_WARN_RANGE_LOOP_ANALYSIS = YES;
				CLANG_WARN_STRICT_PROTOTYPES = YES;
				CLANG_WARN_SUSPICIOUS_MOVE = YES;
				CLANG_WARN_UNGUARDED_AVAILABILITY = YES_AGGRESSIVE;
				CLANG_WARN_UNREACHABLE_CODE = YES;
				CLANG_WARN__DUPLICATE_METHOD_MATCH = YES;
				COPY_PHASE_STRIP = NO;
				DEBUG_INFORMATION_FORMAT = dwarf;
				ENABLE_STRICT_OBJC_MSGSEND = YES;
				ENABLE_TESTABILITY = YES;
				GCC_C_LANGUAGE_STANDARD = gnu11;
				GCC_DYNAMIC_NO_PIC = NO;
				GCC_NO_COMMON_BLOCKS = YES;
				GCC_OPTIMIZATION_LEVEL = 0;
				GCC_PREPROCESSOR_DEFINITIONS = (
					"DEBUG=1",
					"$(inherited)",
				);
				GCC_WARN_64_TO_32_BIT_CONVERSION = YES;
				GCC_WARN_ABOUT_RETURN_TYPE = YES_ERROR;
				GCC_WARN_UNDECLARED_SELECTOR = YES;
				GCC_WARN_UNINITIALIZED_AUTOS = YES_AGGRESSIVE;
				GCC_WARN_UNUSED_FUNCTION = YES;
				GCC_WARN_UNUSED_VARIABLE = YES;
				IPHONEOS_DEPLOYMENT_TARGET = 15.2;
				MTL_ENABLE_DEBUG_INFO = INCLUDE_SOURCE;
				MTL_FAST_MATH = YES;
				ONLY_ACTIVE_ARCH = YES;
				SDKROOT = iphoneos;
				SWIFT_ACTIVE_COMPILATION_CONDITIONS = DEBUG;
				SWIFT_OPTIMIZATION_LEVEL = "-Onone";
			};
			name = Debug;
		};
		9C49C4DE27DE69E4009F3080 /* Release */ = {
			isa = XCBuildConfiguration;
			buildSettings = {
				ALWAYS_SEARCH_USER_PATHS = NO;
				CLANG_ANALYZER_NONNULL = YES;
				CLANG_ANALYZER_NUMBER_OBJECT_CONVERSION = YES_AGGRESSIVE;
				CLANG_CXX_LANGUAGE_STANDARD = "gnu++17";
				CLANG_CXX_LIBRARY = "libc++";
				CLANG_ENABLE_MODULES = YES;
				CLANG_ENABLE_OBJC_ARC = YES;
				CLANG_ENABLE_OBJC_WEAK = YES;
				CLANG_WARN_BLOCK_CAPTURE_AUTORELEASING = YES;
				CLANG_WARN_BOOL_CONVERSION = YES;
				CLANG_WARN_COMMA = YES;
				CLANG_WARN_CONSTANT_CONVERSION = YES;
				CLANG_WARN_DEPRECATED_OBJC_IMPLEMENTATIONS = YES;
				CLANG_WARN_DIRECT_OBJC_ISA_USAGE = YES_ERROR;
				CLANG_WARN_DOCUMENTATION_COMMENTS = YES;
				CLANG_WARN_EMPTY_BODY = YES;
				CLANG_WARN_ENUM_CONVERSION = YES;
				CLANG_WARN_INFINITE_RECURSION = YES;
				CLANG_WARN_INT_CONVERSION = YES;
				CLANG_WARN_NON_LITERAL_NULL_CONVERSION = YES;
				CLANG_WARN_OBJC_IMPLICIT_RETAIN_SELF = YES;
				CLANG_WARN_OBJC_LITERAL_CONVERSION = YES;
				CLANG_WARN_OBJC_ROOT_CLASS = YES_ERROR;
				CLANG_WARN_QUOTED_INCLUDE_IN_FRAMEWORK_HEADER = YES;
				CLANG_WARN_RANGE_LOOP_ANALYSIS = YES;
				CLANG_WARN_STRICT_PROTOTYPES = YES;
				CLANG_WARN_SUSPICIOUS_MOVE = YES;
				CLANG_WARN_UNGUARDED_AVAILABILITY = YES_AGGRESSIVE;
				CLANG_WARN_UNREACHABLE_CODE = YES;
				CLANG_WARN__DUPLICATE_METHOD_MATCH = YES;
				COPY_PHASE_STRIP = NO;
				DEBUG_INFORMATION_FORMAT = "dwarf-with-dsym";
				ENABLE_NS_ASSERTIONS = NO;
				ENABLE_STRICT_OBJC_MSGSEND = YES;
				GCC_C_LANGUAGE_STANDARD = gnu11;
				GCC_NO_COMMON_BLOCKS = YES;
				GCC_WARN_64_TO_32_BIT_CONVERSION = YES;
				GCC_WARN_ABOUT_RETURN_TYPE = YES_ERROR;
				GCC_WARN_UNDECLARED_SELECTOR = YES;
				GCC_WARN_UNINITIALIZED_AUTOS = YES_AGGRESSIVE;
				GCC_WARN_UNUSED_FUNCTION = YES;
				GCC_WARN_UNUSED_VARIABLE = YES;
				IPHONEOS_DEPLOYMENT_TARGET = 15.2;
				MTL_ENABLE_DEBUG_INFO = NO;
				MTL_FAST_MATH = YES;
				SDKROOT = iphoneos;
				SWIFT_COMPILATION_MODE = wholemodule;
				SWIFT_OPTIMIZATION_LEVEL = "-O";
				VALIDATE_PRODUCT = YES;
			};
			name = Release;
		};
		9C49C4E027DE69E4009F3080 /* Debug */ = {
			isa = XCBuildConfiguration;
			buildSettings = {
				ASSETCATALOG_COMPILER_APPICON_NAME = AppIcon;
				ASSETCATALOG_COMPILER_GLOBAL_ACCENT_COLOR_NAME = AccentColor;
				CODE_SIGN_STYLE = Automatic;
				CURRENT_PROJECT_VERSION = 1;
				DEVELOPMENT_ASSET_PATHS = "\"LessonWork3.6/Preview Content\"";
				DEVELOPMENT_TEAM = Q5RV2AMVQ8;
				ENABLE_PREVIEWS = YES;
				GENERATE_INFOPLIST_FILE = YES;
				INFOPLIST_KEY_UIApplicationSceneManifest_Generation = YES;
				INFOPLIST_KEY_UIApplicationSupportsIndirectInputEvents = YES;
				INFOPLIST_KEY_UILaunchScreen_Generation = YES;
				INFOPLIST_KEY_UISupportedInterfaceOrientations_iPad = "UIInterfaceOrientationPortrait UIInterfaceOrientationPortraitUpsideDown UIInterfaceOrientationLandscapeLeft UIInterfaceOrientationLandscapeRight";
				INFOPLIST_KEY_UISupportedInterfaceOrientations_iPhone = "UIInterfaceOrientationPortrait UIInterfaceOrientationLandscapeLeft UIInterfaceOrientationLandscapeRight";
				LD_RUNPATH_SEARCH_PATHS = (
					"$(inherited)",
					"@executable_path/Frameworks",
				);
				MARKETING_VERSION = 1.0;
				PRODUCT_BUNDLE_IDENTIFIER = "Bogdan.LessonWork3-6";
				PRODUCT_NAME = "$(TARGET_NAME)";
				SWIFT_EMIT_LOC_STRINGS = YES;
				SWIFT_VERSION = 5.0;
				TARGETED_DEVICE_FAMILY = "1,2";
			};
			name = Debug;
		};
		9C49C4E127DE69E4009F3080 /* Release */ = {
			isa = XCBuildConfiguration;
			buildSettings = {
				ASSETCATALOG_COMPILER_APPICON_NAME = AppIcon;
				ASSETCATALOG_COMPILER_GLOBAL_ACCENT_COLOR_NAME = AccentColor;
				CODE_SIGN_STYLE = Automatic;
				CURRENT_PROJECT_VERSION = 1;
				DEVELOPMENT_ASSET_PATHS = "\"LessonWork3.6/Preview Content\"";
				DEVELOPMENT_TEAM = Q5RV2AMVQ8;
				ENABLE_PREVIEWS = YES;
				GENERATE_INFOPLIST_FILE = YES;
				INFOPLIST_KEY_UIApplicationSceneManifest_Generation = YES;
				INFOPLIST_KEY_UIApplicationSupportsIndirectInputEvents = YES;
				INFOPLIST_KEY_UILaunchScreen_Generation = YES;
				INFOPLIST_KEY_UISupportedInterfaceOrientations_iPad = "UIInterfaceOrientationPortrait UIInterfaceOrientationPortraitUpsideDown UIInterfaceOrientationLandscapeLeft UIInterfaceOrientationLandscapeRight";
				INFOPLIST_KEY_UISupportedInterfaceOrientations_iPhone = "UIInterfaceOrientationPortrait UIInterfaceOrientationLandscapeLeft UIInterfaceOrientationLandscapeRight";
				LD_RUNPATH_SEARCH_PATHS = (
					"$(inherited)",
					"@executable_path/Frameworks",
				);
				MARKETING_VERSION = 1.0;
				PRODUCT_BUNDLE_IDENTIFIER = "Bogdan.LessonWork3-6";
				PRODUCT_NAME = "$(TARGET_NAME)";
				SWIFT_EMIT_LOC_STRINGS = YES;
				SWIFT_VERSION = 5.0;
				TARGETED_DEVICE_FAMILY = "1,2";
			};
			name = Release;
		};
/* End XCBuildConfiguration section */

/* Begin XCConfigurationList section */
		9C49C4CC27DE69E2009F3080 /* Build configuration list for PBXProject "LessonWork3.6" */ = {
			isa = XCConfigurationList;
			buildConfigurations = (
				9C49C4DD27DE69E4009F3080 /* Debug */,
				9C49C4DE27DE69E4009F3080 /* Release */,
			);
			defaultConfigurationIsVisible = 0;
			defaultConfigurationName = Release;
		};
		9C49C4DF27DE69E4009F3080 /* Build configuration list for PBXNativeTarget "LessonWork3.6" */ = {
			isa = XCConfigurationList;
			buildConfigurations = (
				9C49C4E027DE69E4009F3080 /* Debug */,
				9C49C4E127DE69E4009F3080 /* Release */,
			);
			defaultConfigurationIsVisible = 0;
			defaultConfigurationName = Release;
		};
/* End XCConfigurationList section */
	};
	rootObject = 9C49C4C927DE69E2009F3080 /* Project object */;
}
